
Microsoft Visual Studio Solution File, Format Version 12.00
# Visual Studio Version 17
VisualStudioVersion = 17.0.31903.59
MinimumVisualStudioVersion = 10.0.40219.1
Project("{2150E333-8FDC-42A3-9474-1A3956D46DE8}") = "src", "src", "{827E0CD3-B72D-47B6-A68D-7590B98EB39B}"
EndProject
Project("{FAE04EC0-301F-11D3-BF4B-00C04F79EFBC}") = "Inertia.Core", "src\Inertia.Core\Inertia.Core.csproj", "{E9441187-E7E6-4A91-8FC9-CBD20CEE390F}"
EndProject
Project("{FAE04EC0-301F-11D3-BF4B-00C04F79EFBC}") = "Inertia.AspNetCore", "src\Inertia.AspNetCore\Inertia.AspNetCore.csproj", "{C1DACECE-376F-4306-9123-2A2AA7CB79A0}"
EndProject
Project("{FAE04EC0-301F-11D3-BF4B-00C04F79EFBC}") = "Inertia.Testing", "src\Inertia.Testing\Inertia.Testing.csproj", "{2355D59A-50AE-4AA3-8DF6-5FD04F293B39}"
EndProject
Project("{2150E333-8FDC-42A3-9474-1A3956D46DE8}") = "tests", "tests", "{0AB3BF05-4346-4AA6-1389-037BE0695223}"
EndProject
Project("{FAE04EC0-301F-11D3-BF4B-00C04F79EFBC}") = "Inertia.Tests", "tests\Inertia.Tests\Inertia.Tests.csproj", "{0308BBEE-D2EC-46AF-AA0B-F24BEDE66FF1}"
EndProject
Project("{FAE04EC0-301F-11D3-BF4B-00C04F79EFBC}") = "Inertia.AspNetCore.Tests", "tests\Inertia.AspNetCore.Tests\Inertia.AspNetCore.Tests.csproj", "{8D4CAC62-B745-4854-8D37-CE8086ECE4EE}"
EndProject
Project("{FAE04EC0-301F-11D3-BF4B-00C04F79EFBC}") = "Inertia.Testing.Tests", "tests\Inertia.Testing.Tests\Inertia.Testing.Tests.csproj", "{110229C7-3565-4572-82F6-C835618A1811}"
EndProject
Global
	GlobalSection(SolutionConfigurationPlatforms) = preSolution
		Debug|Any CPU = Debug|Any CPU
		Debug|x64 = Debug|x64
		Debug|x86 = Debug|x86
		Release|Any CPU = Release|Any CPU
		Release|x64 = Release|x64
		Release|x86 = Release|x86
	EndGlobalSection
	GlobalSection(ProjectConfigurationPlatforms) = postSolution
		{E9441187-E7E6-4A91-8FC9-CBD20CEE390F}.Debug|Any CPU.ActiveCfg = Debug|Any CPU
		{E9441187-E7E6-4A91-8FC9-CBD20CEE390F}.Debug|Any CPU.Build.0 = Debug|Any CPU
		{E9441187-E7E6-4A91-8FC9-CBD20CEE390F}.Debug|x64.ActiveCfg = Debug|Any CPU
		{E9441187-E7E6-4A91-8FC9-CBD20CEE390F}.Debug|x64.Build.0 = Debug|Any CPU
		{E9441187-E7E6-4A91-8FC9-CBD20CEE390F}.Debug|x86.ActiveCfg = Debug|Any CPU
		{E9441187-E7E6-4A91-8FC9-CBD20CEE390F}.Debug|x86.Build.0 = Debug|Any CPU
		{E9441187-E7E6-4A91-8FC9-CBD20CEE390F}.Release|Any CPU.ActiveCfg = Release|Any CPU
		{E9441187-E7E6-4A91-8FC9-CBD20CEE390F}.Release|Any CPU.Build.0 = Release|Any CPU
		{E9441187-E7E6-4A91-8FC9-CBD20CEE390F}.Release|x64.ActiveCfg = Release|Any CPU
		{E9441187-E7E6-4A91-8FC9-CBD20CEE390F}.Release|x64.Build.0 = Release|Any CPU
		{E9441187-E7E6-4A91-8FC9-CBD20CEE390F}.Release|x86.ActiveCfg = Release|Any CPU
		{E9441187-E7E6-4A91-8FC9-CBD20CEE390F}.Release|x86.Build.0 = Release|Any CPU
		{C1DACECE-376F-4306-9123-2A2AA7CB79A0}.Debug|Any CPU.ActiveCfg = Debug|Any CPU
		{C1DACECE-376F-4306-9123-2A2AA7CB79A0}.Debug|Any CPU.Build.0 = Debug|Any CPU
		{C1DACECE-376F-4306-9123-2A2AA7CB79A0}.Debug|x64.ActiveCfg = Debug|Any CPU
		{C1DACECE-376F-4306-9123-2A2AA7CB79A0}.Debug|x64.Build.0 = Debug|Any CPU
		{C1DACECE-376F-4306-9123-2A2AA7CB79A0}.Debug|x86.ActiveCfg = Debug|Any CPU
		{C1DACECE-376F-4306-9123-2A2AA7CB79A0}.Debug|x86.Build.0 = Debug|Any CPU
		{C1DACECE-376F-4306-9123-2A2AA7CB79A0}.Release|Any CPU.ActiveCfg = Release|Any CPU
		{C1DACECE-376F-4306-9123-2A2AA7CB79A0}.Release|Any CPU.Build.0 = Release|Any CPU
		{C1DACECE-376F-4306-9123-2A2AA7CB79A0}.Release|x64.ActiveCfg = Release|Any CPU
		{C1DACECE-376F-4306-9123-2A2AA7CB79A0}.Release|x64.Build.0 = Release|Any CPU
		{C1DACECE-376F-4306-9123-2A2AA7CB79A0}.Release|x86.ActiveCfg = Release|Any CPU
		{C1DACECE-376F-4306-9123-2A2AA7CB79A0}.Release|x86.Build.0 = Release|Any CPU
		{2355D59A-50AE-4AA3-8DF6-5FD04F293B39}.Debug|Any CPU.ActiveCfg = Debug|Any CPU
		{2355D59A-50AE-4AA3-8DF6-5FD04F293B39}.Debug|Any CPU.Build.0 = Debug|Any CPU
		{2355D59A-50AE-4AA3-8DF6-5FD04F293B39}.Debug|x64.ActiveCfg = Debug|Any CPU
		{2355D59A-50AE-4AA3-8DF6-5FD04F293B39}.Debug|x64.Build.0 = Debug|Any CPU
		{2355D59A-50AE-4AA3-8DF6-5FD04F293B39}.Debug|x86.ActiveCfg = Debug|Any CPU
		{2355D59A-50AE-4AA3-8DF6-5FD04F293B39}.Debug|x86.Build.0 = Debug|Any CPU
		{2355D59A-50AE-4AA3-8DF6-5FD04F293B39}.Release|Any CPU.ActiveCfg = Release|Any CPU
		{2355D59A-50AE-4AA3-8DF6-5FD04F293B39}.Release|Any CPU.Build.0 = Release|Any CPU
		{2355D59A-50AE-4AA3-8DF6-5FD04F293B39}.Release|x64.ActiveCfg = Release|Any CPU
		{2355D59A-50AE-4AA3-8DF6-5FD04F293B39}.Release|x64.Build.0 = Release|Any CPU
		{2355D59A-50AE-4AA3-8DF6-5FD04F293B39}.Release|x86.ActiveCfg = Release|Any CPU
		{2355D59A-50AE-4AA3-8DF6-5FD04F293B39}.Release|x86.Build.0 = Release|Any CPU
		{0308BBEE-D2EC-46AF-AA0B-F24BEDE66FF1}.Debug|Any CPU.ActiveCfg = Debug|Any CPU
		{0308BBEE-D2EC-46AF-AA0B-F24BEDE66FF1}.Debug|Any CPU.Build.0 = Debug|Any CPU
		{0308BBEE-D2EC-46AF-AA0B-F24BEDE66FF1}.Debug|x64.ActiveCfg = Debug|Any CPU
		{0308BBEE-D2EC-46AF-AA0B-F24BEDE66FF1}.Debug|x64.Build.0 = Debug|Any CPU
		{0308BBEE-D2EC-46AF-AA0B-F24BEDE66FF1}.Debug|x86.ActiveCfg = Debug|Any CPU
		{0308BBEE-D2EC-46AF-AA0B-F24BEDE66FF1}.Debug|x86.Build.0 = Debug|Any CPU
		{0308BBEE-D2EC-46AF-AA0B-F24BEDE66FF1}.Release|Any CPU.ActiveCfg = Release|Any CPU
		{0308BBEE-D2EC-46AF-AA0B-F24BEDE66FF1}.Release|Any CPU.Build.0 = Release|Any CPU
		{0308BBEE-D2EC-46AF-AA0B-F24BEDE66FF1}.Release|x64.ActiveCfg = Release|Any CPU
		{0308BBEE-D2EC-46AF-AA0B-F24BEDE66FF1}.Release|x64.Build.0 = Release|Any CPU
		{0308BBEE-D2EC-46AF-AA0B-F24BEDE66FF1}.Release|x86.ActiveCfg = Release|Any CPU
		{0308BBEE-D2EC-46AF-AA0B-F24BEDE66FF1}.Release|x86.Build.0 = Release|Any CPU
		{8D4CAC62-B745-4854-8D37-CE8086ECE4EE}.Debug|Any CPU.ActiveCfg = Debug|Any CPU
		{8D4CAC62-B745-4854-8D37-CE8086ECE4EE}.Debug|Any CPU.Build.0 = Debug|Any CPU
		{8D4CAC62-B745-4854-8D37-CE8086ECE4EE}.Debug|x64.ActiveCfg = Debug|Any CPU
		{8D4CAC62-B745-4854-8D37-CE8086ECE4EE}.Debug|x64.Build.0 = Debug|Any CPU
		{8D4CAC62-B745-4854-8D37-CE8086ECE4EE}.Debug|x86.ActiveCfg = Debug|Any CPU
		{8D4CAC62-B745-4854-8D37-CE8086ECE4EE}.Debug|x86.Build.0 = Debug|Any CPU
		{8D4CAC62-B745-4854-8D37-CE8086ECE4EE}.Release|Any CPU.ActiveCfg = Release|Any CPU
		{8D4CAC62-B745-4854-8D37-CE8086ECE4EE}.Release|Any CPU.Build.0 = Release|Any CPU
		{8D4CAC62-B745-4854-8D37-CE8086ECE4EE}.Release|x64.ActiveCfg = Release|Any CPU
		{8D4CAC62-B745-4854-8D37-CE8086ECE4EE}.Release|x64.Build.0 = Release|Any CPU
		{8D4CAC62-B745-4854-8D37-CE8086ECE4EE}.Release|x86.ActiveCfg = Release|Any CPU
		{8D4CAC62-B745-4854-8D37-CE8086ECE4EE}.Release|x86.Build.0 = Release|Any CPU
		{110229C7-3565-4572-82F6-C835618A1811}.Debug|Any CPU.ActiveCfg = Debug|Any CPU
		{110229C7-3565-4572-82F6-C835618A1811}.Debug|Any CPU.Build.0 = Debug|Any CPU
		{110229C7-3565-4572-82F6-C835618A1811}.Debug|x64.ActiveCfg = Debug|Any CPU
		{110229C7-3565-4572-82F6-C835618A1811}.Debug|x64.Build.0 = Debug|Any CPU
		{110229C7-3565-4572-82F6-C835618A1811}.Debug|x86.ActiveCfg = Debug|Any CPU
		{110229C7-3565-4572-82F6-C835618A1811}.Debug|x86.Build.0 = Debug|Any CPU
		{110229C7-3565-4572-82F6-C835618A1811}.Release|Any CPU.ActiveCfg = Release|Any CPU
		{110229C7-3565-4572-82F6-C835618A1811}.Release|Any CPU.Build.0 = Release|Any CPU
		{110229C7-3565-4572-82F6-C835618A1811}.Release|x64.ActiveCfg = Release|Any CPU
		{110229C7-3565-4572-82F6-C835618A1811}.Release|x64.Build.0 = Release|Any CPU
		{110229C7-3565-4572-82F6-C835618A1811}.Release|x86.ActiveCfg = Release|Any CPU
		{110229C7-3565-4572-82F6-C835618A1811}.Release|x86.Build.0 = Release|Any CPU
	EndGlobalSection
	GlobalSection(SolutionProperties) = preSolution
		HideSolutionNode = FALSE
	EndGlobalSection
	GlobalSection(NestedProjects) = preSolution
		{E9441187-E7E6-4A91-8FC9-CBD20CEE390F} = {827E0CD3-B72D-47B6-A68D-7590B98EB39B}
		{C1DACECE-376F-4306-9123-2A2AA7CB79A0} = {827E0CD3-B72D-47B6-A68D-7590B98EB39B}
		{2355D59A-50AE-4AA3-8DF6-5FD04F293B39} = {827E0CD3-B72D-47B6-A68D-7590B98EB39B}
		{0308BBEE-D2EC-46AF-AA0B-F24BEDE66FF1} = {0AB3BF05-4346-4AA6-1389-037BE0695223}
		{8D4CAC62-B745-4854-8D37-CE8086ECE4EE} = {0AB3BF05-4346-4AA6-1389-037BE0695223}
		{110229C7-3565-4572-82F6-C835618A1811} = {0AB3BF05-4346-4AA6-1389-037BE0695223}
	EndGlobalSection
EndGlobal
